
Microsoft Visual Studio Solution File, Format Version 12.00
# Visual Studio Version 16
VisualStudioVersion = 16.0.29609.76
MinimumVisualStudioVersion = 10.0.40219.1
Project("{FAE04EC0-301F-11D3-BF4B-00C04F79EFBC}") = "dotnet-core02", "dotnet-core02\dotnet-core02.csproj", "{9E270E07-4034-4B50-95D2-90B434460991}"
EndProject
Global
	GlobalSection(SolutionConfigurationPlatforms) = preSolution
		Debug|Any CPU = Debug|Any CPU
		Release|Any CPU = Release|Any CPU
	EndGlobalSection
	GlobalSection(ProjectConfigurationPlatforms) = postSolution
		{9E270E07-4034-4B50-95D2-90B434460991}.Debug|Any CPU.ActiveCfg = Debug|Any CPU
		{9E270E07-4034-4B50-95D2-90B434460991}.Debug|Any CPU.Build.0 = Debug|Any CPU
		{9E270E07-4034-4B50-95D2-90B434460991}.Release|Any CPU.ActiveCfg = Release|Any CPU
		{9E270E07-4034-4B50-95D2-90B434460991}.Release|Any CPU.Build.0 = Release|Any CPU
	EndGlobalSection
	GlobalSection(SolutionProperties) = preSolution
		HideSolutionNode = FALSE
	EndGlobalSection
	GlobalSection(ExtensibilityGlobals) = postSolution
		SolutionGuid = {4F9050D1-418C-425F-BCD3-C0E54E8A9AE6}
	EndGlobalSection
EndGlobal
